// !$*UTF8*$!
{
	archiveVersion = 1;
	classes = {
	};
	objectVersion = 46;
	objects = {

/* Begin PBXBuildFile section */
		CEF1D45C1976757800D4B18E /* Foundation.framework in Frameworks */ = {isa = PBXBuildFile; fileRef = CEF1D45B1976757800D4B18E /* Foundation.framework */; };
		CEF1D45E1976757800D4B18E /* CoreGraphics.framework in Frameworks */ = {isa = PBXBuildFile; fileRef = CEF1D45D1976757800D4B18E /* CoreGraphics.framework */; };
		CEF1D4601976757800D4B18E /* UIKit.framework in Frameworks */ = {isa = PBXBuildFile; fileRef = CEF1D45F1976757800D4B18E /* UIKit.framework */; };
		CEF1D4661976757800D4B18E /* InfoPlist.strings in Resources */ = {isa = PBXBuildFile; fileRef = CEF1D4641976757800D4B18E /* InfoPlist.strings */; };
		CEF1D4681976757800D4B18E /* main.m in Sources */ = {isa = PBXBuildFile; fileRef = CEF1D4671976757800D4B18E /* main.m */; };
		CEF1D46C1976757800D4B18E /* AppDelegate.m in Sources */ = {isa = PBXBuildFile; fileRef = CEF1D46B1976757800D4B18E /* AppDelegate.m */; };
		CEF1D46E1976757800D4B18E /* Images.xcassets in Resources */ = {isa = PBXBuildFile; fileRef = CEF1D46D1976757800D4B18E /* Images.xcassets */; };
		CEF1D4751976757800D4B18E /* XCTest.framework in Frameworks */ = {isa = PBXBuildFile; fileRef = CEF1D4741976757800D4B18E /* XCTest.framework */; };
		CEF1D4761976757800D4B18E /* Foundation.framework in Frameworks */ = {isa = PBXBuildFile; fileRef = CEF1D45B1976757800D4B18E /* Foundation.framework */; };
		CEF1D4771976757800D4B18E /* UIKit.framework in Frameworks */ = {isa = PBXBuildFile; fileRef = CEF1D45F1976757800D4B18E /* UIKit.framework */; };
		CEF1D47F1976757800D4B18E /* InfoPlist.strings in Resources */ = {isa = PBXBuildFile; fileRef = CEF1D47D1976757800D4B18E /* InfoPlist.strings */; };
		CEF1D4811976757800D4B18E /* YunGridTests.m in Sources */ = {isa = PBXBuildFile; fileRef = CEF1D4801976757800D4B18E /* YunGridTests.m */; };
/* End PBXBuildFile section */

/* Begin PBXContainerItemProxy section */
		CEF1D4781976757800D4B18E /* PBXContainerItemProxy */ = {
			isa = PBXContainerItemProxy;
			containerPortal = CEF1D4501976757800D4B18E /* Project object */;
			proxyType = 1;
			remoteGlobalIDString = CEF1D4571976757800D4B18E;
			remoteInfo = YunGrid;
		};
/* End PBXContainerItemProxy section */

/* Begin PBXFileReference section */
		CEF1D4581976757800D4B18E /* YunGrid.app */ = {isa = PBXFileReference; explicitFileType = wrapper.application; includeInIndex = 0; path = YunGrid.app; sourceTree = BUILT_PRODUCTS_DIR; };
		CEF1D45B1976757800D4B18E /* Foundation.framework */ = {isa = PBXFileReference; lastKnownFileType = wrapper.framework; name = Foundation.framework; path = System/Library/Frameworks/Foundation.framework; sourceTree = SDKROOT; };
		CEF1D45D1976757800D4B18E /* CoreGraphics.framework */ = {isa = PBXFileReference; lastKnownFileType = wrapper.framework; name = CoreGraphics.framework; path = System/Library/Frameworks/CoreGraphics.framework; sourceTree = SDKROOT; };
		CEF1D45F1976757800D4B18E /* UIKit.framework */ = {isa = PBXFileReference; lastKnownFileType = wrapper.framework; name = UIKit.framework; path = System/Library/Frameworks/UIKit.framework; sourceTree = SDKROOT; };
		CEF1D4631976757800D4B18E /* YunGrid-Info.plist */ = {isa = PBXFileReference; lastKnownFileType = text.plist.xml; path = "YunGrid-Info.plist"; sourceTree = "<group>"; };
		CEF1D4651976757800D4B18E /* en */ = {isa = PBXFileReference; lastKnownFileType = text.plist.strings; name = en; path = en.lproj/InfoPlist.strings; sourceTree = "<group>"; };
		CEF1D4671976757800D4B18E /* main.m */ = {isa = PBXFileReference; lastKnownFileType = sourcecode.c.objc; path = main.m; sourceTree = "<group>"; };
		CEF1D4691976757800D4B18E /* YunGrid-Prefix.pch */ = {isa = PBXFileReference; lastKnownFileType = sourcecode.c.h; path = "YunGrid-Prefix.pch"; sourceTree = "<group>"; };
		CEF1D46A1976757800D4B18E /* AppDelegate.h */ = {isa = PBXFileReference; lastKnownFileType = sourcecode.c.h; path = AppDelegate.h; sourceTree = "<group>"; };
		CEF1D46B1976757800D4B18E /* AppDelegate.m */ = {isa = PBXFileReference; lastKnownFileType = sourcecode.c.objc; path = AppDelegate.m; sourceTree = "<group>"; };
		CEF1D46D1976757800D4B18E /* Images.xcassets */ = {isa = PBXFileReference; lastKnownFileType = folder.assetcatalog; path = Images.xcassets; sourceTree = "<group>"; };
		CEF1D4731976757800D4B18E /* YunGridTests.xctest */ = {isa = PBXFileReference; explicitFileType = wrapper.cfbundle; includeInIndex = 0; path = YunGridTests.xctest; sourceTree = BUILT_PRODUCTS_DIR; };
		CEF1D4741976757800D4B18E /* XCTest.framework */ = {isa = PBXFileReference; lastKnownFileType = wrapper.framework; name = XCTest.framework; path = Library/Frameworks/XCTest.framework; sourceTree = DEVELOPER_DIR; };
		CEF1D47C1976757800D4B18E /* YunGridTests-Info.plist */ = {isa = PBXFileReference; lastKnownFileType = text.plist.xml; path = "YunGridTests-Info.plist"; sourceTree = "<group>"; };
		CEF1D47E1976757800D4B18E /* en */ = {isa = PBXFileReference; lastKnownFileType = text.plist.strings; name = en; path = en.lproj/InfoPlist.strings; sourceTree = "<group>"; };
		CEF1D4801976757800D4B18E /* YunGridTests.m */ = {isa = PBXFileReference; lastKnownFileType = sourcecode.c.objc; path = YunGridTests.m; sourceTree = "<group>"; };
/* End PBXFileReference section */

/* Begin PBXFrameworksBuildPhase section */
		CEF1D4551976757800D4B18E /* Frameworks */ = {
			isa = PBXFrameworksBuildPhase;
			buildActionMask = 2147483647;
			files = (
				CEF1D45E1976757800D4B18E /* CoreGraphics.framework in Frameworks */,
				CEF1D4601976757800D4B18E /* UIKit.framework in Frameworks */,
				CEF1D45C1976757800D4B18E /* Foundation.framework in Frameworks */,
			);
			runOnlyForDeploymentPostprocessing = 0;
		};
		CEF1D4701976757800D4B18E /* Frameworks */ = {
			isa = PBXFrameworksBuildPhase;
			buildActionMask = 2147483647;
			files = (
				CEF1D4751976757800D4B18E /* XCTest.framework in Frameworks */,
				CEF1D4771976757800D4B18E /* UIKit.framework in Frameworks */,
				CEF1D4761976757800D4B18E /* Foundation.framework in Frameworks */,
			);
			runOnlyForDeploymentPostprocessing = 0;
		};
/* End PBXFrameworksBuildPhase section */

/* Begin PBXGroup section */
		CEF1D44F1976757800D4B18E = {
			isa = PBXGroup;
			children = (
				CEF1D4611976757800D4B18E /* YunGrid */,
				CEF1D47A1976757800D4B18E /* YunGridTests */,
				CEF1D45A1976757800D4B18E /* Frameworks */,
				CEF1D4591976757800D4B18E /* Products */,
			);
			sourceTree = "<group>";
		};
		CEF1D4591976757800D4B18E /* Products */ = {
			isa = PBXGroup;
			children = (
				CEF1D4581976757800D4B18E /* YunGrid.app */,
				CEF1D4731976757800D4B18E /* YunGridTests.xctest */,
			);
			name = Products;
			sourceTree = "<group>";
		};
		CEF1D45A1976757800D4B18E /* Frameworks */ = {
			isa = PBXGroup;
			children = (
				CEF1D45B1976757800D4B18E /* Foundation.framework */,
				CEF1D45D1976757800D4B18E /* CoreGraphics.framework */,
				CEF1D45F1976757800D4B18E /* UIKit.framework */,
				CEF1D4741976757800D4B18E /* XCTest.framework */,
			);
			name = Frameworks;
			sourceTree = "<group>";
		};
		CEF1D4611976757800D4B18E /* YunGrid */ = {
			isa = PBXGroup;
			children = (
				CEF1D46A1976757800D4B18E /* AppDelegate.h */,
				CEF1D46B1976757800D4B18E /* AppDelegate.m */,
				CEF1D46D1976757800D4B18E /* Images.xcassets */,
				CEF1D4621976757800D4B18E /* Supporting Files */,
			);
			path = YunGrid;
			sourceTree = "<group>";
		};
		CEF1D4621976757800D4B18E /* Supporting Files */ = {
			isa = PBXGroup;
			children = (
				CEF1D4631976757800D4B18E /* YunGrid-Info.plist */,
				CEF1D4641976757800D4B18E /* InfoPlist.strings */,
				CEF1D4671976757800D4B18E /* main.m */,
				CEF1D4691976757800D4B18E /* YunGrid-Prefix.pch */,
			);
			name = "Supporting Files";
			sourceTree = "<group>";
		};
		CEF1D47A1976757800D4B18E /* YunGridTests */ = {
			isa = PBXGroup;
			children = (
				CEF1D4801976757800D4B18E /* YunGridTests.m */,
				CEF1D47B1976757800D4B18E /* Supporting Files */,
			);
			path = YunGridTests;
			sourceTree = "<group>";
		};
		CEF1D47B1976757800D4B18E /* Supporting Files */ = {
			isa = PBXGroup;
			children = (
				CEF1D47C1976757800D4B18E /* YunGridTests-Info.plist */,
				CEF1D47D1976757800D4B18E /* InfoPlist.strings */,
			);
			name = "Supporting Files";
			sourceTree = "<group>";
		};
/* End PBXGroup section */

/* Begin PBXNativeTarget section */
		CEF1D4571976757800D4B18E /* YunGrid */ = {
			isa = PBXNativeTarget;
			buildConfigurationList = CEF1D4841976757800D4B18E /* Build configuration list for PBXNativeTarget "YunGrid" */;
			buildPhases = (
				CEF1D4541976757800D4B18E /* Sources */,
				CEF1D4551976757800D4B18E /* Frameworks */,
				CEF1D4561976757800D4B18E /* Resources */,
			);
			buildRules = (
			);
			dependencies = (
			);
			name = YunGrid;
			productName = YunGrid;
			productReference = CEF1D4581976757800D4B18E /* YunGrid.app */;
			productType = "com.apple.product-type.application";
		};
		CEF1D4721976757800D4B18E /* YunGridTests */ = {
			isa = PBXNativeTarget;
			buildConfigurationList = CEF1D4871976757800D4B18E /* Build configuration list for PBXNativeTarget "YunGridTests" */;
			buildPhases = (
				CEF1D46F1976757800D4B18E /* Sources */,
				CEF1D4701976757800D4B18E /* Frameworks */,
				CEF1D4711976757800D4B18E /* Resources */,
			);
			buildRules = (
			);
			dependencies = (
				CEF1D4791976757800D4B18E /* PBXTargetDependency */,
			);
			name = YunGridTests;
			productName = YunGridTests;
			productReference = CEF1D4731976757800D4B18E /* YunGridTests.xctest */;
			productType = "com.apple.product-type.bundle.unit-test";
		};
/* End PBXNativeTarget section */

/* Begin PBXProject section */
		CEF1D4501976757800D4B18E /* Project object */ = {
			isa = PBXProject;
			attributes = {
				LastUpgradeCheck = 0510;
				ORGANIZATIONNAME = NCEPU;
				TargetAttributes = {
					CEF1D4721976757800D4B18E = {
						TestTargetID = CEF1D4571976757800D4B18E;
					};
				};
			};
			buildConfigurationList = CEF1D4531976757800D4B18E /* Build configuration list for PBXProject "YunGrid" */;
			compatibilityVersion = "Xcode 3.2";
			developmentRegion = English;
			hasScannedForEncodings = 0;
			knownRegions = (
				en,
			);
			mainGroup = CEF1D44F1976757800D4B18E;
			productRefGroup = CEF1D4591976757800D4B18E /* Products */;
			projectDirPath = "";
			projectRoot = "";
			targets = (
				CEF1D4571976757800D4B18E /* YunGrid */,
				CEF1D4721976757800D4B18E /* YunGridTests */,
			);
		};
/* End PBXProject section */

/* Begin PBXResourcesBuildPhase section */
		CEF1D4561976757800D4B18E /* Resources */ = {
			isa = PBXResourcesBuildPhase;
			buildActionMask = 2147483647;
			files = (
				CEF1D4661976757800D4B18E /* InfoPlist.strings in Resources */,
				CEF1D46E1976757800D4B18E /* Images.xcassets in Resources */,
			);
			runOnlyForDeploymentPostprocessing = 0;
		};
		CEF1D4711976757800D4B18E /* Resources */ = {
			isa = PBXResourcesBuildPhase;
			buildActionMask = 2147483647;
			files = (
				CEF1D47F1976757800D4B18E /* InfoPlist.strings in Resources */,
			);
			runOnlyForDeploymentPostprocessing = 0;
		};
/* End PBXResourcesBuildPhase section */

/* Begin PBXSourcesBuildPhase section */
		CEF1D4541976757800D4B18E /* Sources */ = {
			isa = PBXSourcesBuildPhase;
			buildActionMask = 2147483647;
			files = (
				CEF1D46C1976757800D4B18E /* AppDelegate.m in Sources */,
				CEF1D4681976757800D4B18E /* main.m in Sources */,
			);
			runOnlyForDeploymentPostprocessing = 0;
		};
		CEF1D46F1976757800D4B18E /* Sources */ = {
			isa = PBXSourcesBuildPhase;
			buildActionMask = 2147483647;
			files = (
				CEF1D4811976757800D4B18E /* YunGridTests.m in Sources */,
			);
			runOnlyForDeploymentPostprocessing = 0;
		};
/* End PBXSourcesBuildPhase section */

/* Begin PBXTargetDependency section */
		CEF1D4791976757800D4B18E /* PBXTargetDependency */ = {
			isa = PBXTargetDependency;
			target = CEF1D4571976757800D4B18E /* YunGrid */;
			targetProxy = CEF1D4781976757800D4B18E /* PBXContainerItemProxy */;
		};
/* End PBXTargetDependency section */

/* Begin PBXVariantGroup section */
		CEF1D4641976757800D4B18E /* InfoPlist.strings */ = {
			isa = PBXVariantGroup;
			children = (
				CEF1D4651976757800D4B18E /* en */,
			);
			name = InfoPlist.strings;
			sourceTree = "<group>";
		};
		CEF1D47D1976757800D4B18E /* InfoPlist.strings */ = {
			isa = PBXVariantGroup;
			children = (
				CEF1D47E1976757800D4B18E /* en */,
			);
			name = InfoPlist.strings;
			sourceTree = "<group>";
		};
/* End PBXVariantGroup section */

/* Begin XCBuildConfiguration section */
		CEF1D4821976757800D4B18E /* Debug */ = {
			isa = XCBuildConfiguration;
			buildSettings = {
				ALWAYS_SEARCH_USER_PATHS = NO;
				CLANG_CXX_LANGUAGE_STANDARD = "gnu++0x";
				CLANG_CXX_LIBRARY = "libc++";
				CLANG_ENABLE_MODULES = YES;
				CLANG_ENABLE_OBJC_ARC = YES;
				CLANG_WARN_BOOL_CONVERSION = YES;
				CLANG_WARN_CONSTANT_CONVERSION = YES;
				CLANG_WARN_DIRECT_OBJC_ISA_USAGE = YES_ERROR;
				CLANG_WARN_EMPTY_BODY = YES;
				CLANG_WARN_ENUM_CONVERSION = YES;
				CLANG_WARN_INT_CONVERSION = YES;
				CLANG_WARN_OBJC_ROOT_CLASS = YES_ERROR;
				CLANG_WARN__DUPLICATE_METHOD_MATCH = YES;
				"CODE_SIGN_IDENTITY[sdk=iphoneos*]" = "iPhone Developer";
				COPY_PHASE_STRIP = NO;
				GCC_C_LANGUAGE_STANDARD = gnu99;
				GCC_DYNAMIC_NO_PIC = NO;
				GCC_OPTIMIZATION_LEVEL = 0;
				GCC_PREPROCESSOR_DEFINITIONS = (
					"DEBUG=1",
					"$(inherited)",
				);
				GCC_SYMBOLS_PRIVATE_EXTERN = NO;
				GCC_WARN_64_TO_32_BIT_CONVERSION = YES;
				GCC_WARN_ABOUT_RETURN_TYPE = YES_ERROR;
				GCC_WARN_UNDECLARED_SELECTOR = YES;
				GCC_WARN_UNINITIALIZED_AUTOS = YES_AGGRESSIVE;
				GCC_WARN_UNUSED_FUNCTION = YES;
				GCC_WARN_UNUSED_VARIABLE = YES;
				IPHONEOS_DEPLOYMENT_TARGET = 7.1;
				ONLY_ACTIVE_ARCH = YES;
				SDKROOT = iphoneos;
				TARGETED_DEVICE_FAMILY = 2;
			};
			name = Debug;
		};
		CEF1D4831976757800D4B18E /* Release */ = {
			isa = XCBuildConfiguration;
			buildSettings = {
				ALWAYS_SEARCH_USER_PATHS = NO;
				CLANG_CXX_LANGUAGE_STANDARD = "gnu++0x";
				CLANG_CXX_LIBRARY = "libc++";
				CLANG_ENABLE_MODULES = YES;
				CLANG_ENABLE_OBJC_ARC = YES;
				CLANG_WARN_BOOL_CONVERSION = YES;
				CLANG_WARN_CONSTANT_CONVERSION = YES;
				CLANG_WARN_DIRECT_OBJC_ISA_USAGE = YES_ERROR;
				CLANG_WARN_EMPTY_BODY = YES;
				CLANG_WARN_ENUM_CONVERSION = YES;
				CLANG_WARN_INT_CONVERSION = YES;
				CLANG_WARN_OBJC_ROOT_CLASS = YES_ERROR;
				CLANG_WARN__DUPLICATE_METHOD_MATCH = YES;
				"CODE_SIGN_IDENTITY[sdk=iphoneos*]" = "iPhone Developer";
				COPY_PHASE_STRIP = YES;
				ENABLE_NS_ASSERTIONS = NO;
				GCC_C_LANGUAGE_STANDARD = gnu99;
				GCC_WARN_64_TO_32_BIT_CONVERSION = YES;
				GCC_WARN_ABOUT_RETURN_TYPE = YES_ERROR;
				GCC_WARN_UNDECLARED_SELECTOR = YES;
				GCC_WARN_UNINITIALIZED_AUTOS = YES_AGGRESSIVE;
				GCC_WARN_UNUSED_FUNCTION = YES;
				GCC_WARN_UNUSED_VARIABLE = YES;
				IPHONEOS_DEPLOYMENT_TARGET = 7.1;
				SDKROOT = iphoneos;
				TARGETED_DEVICE_FAMILY = 2;
				VALIDATE_PRODUCT = YES;
			};
			name = Release;
		};
		CEF1D4851976757800D4B18E /* Debug */ = {
			isa = XCBuildConfiguration;
			buildSettings = {
				ASSETCATALOG_COMPILER_APPICON_NAME = AppIcon;
				ASSETCATALOG_COMPILER_LAUNCHIMAGE_NAME = LaunchImage;
				GCC_PRECOMPILE_PREFIX_HEADER = YES;
				GCC_PREFIX_HEADER = "YunGrid/YunGrid-Prefix.pch";
				INFOPLIST_FILE = "YunGrid/YunGrid-Info.plist";
				PRODUCT_NAME = "$(TARGET_NAME)";
				WRAPPER_EXTENSION = app;
			};
			name = Debug;
		};
		CEF1D4861976757800D4B18E /* Release */ = {
			isa = XCBuildConfiguration;
			buildSettings = {
				ASSETCATALOG_COMPILER_APPICON_NAME = AppIcon;
				ASSETCATALOG_COMPILER_LAUNCHIMAGE_NAME = LaunchImage;
				GCC_PRECOMPILE_PREFIX_HEADER = YES;
				GCC_PREFIX_HEADER = "YunGrid/YunGrid-Prefix.pch";
				INFOPLIST_FILE = "YunGrid/YunGrid-Info.plist";
				PRODUCT_NAME = "$(TARGET_NAME)";
				WRAPPER_EXTENSION = app;
			};
			name = Release;
		};
		CEF1D4881976757800D4B18E /* Debug */ = {
			isa = XCBuildConfiguration;
			buildSettings = {
				BUNDLE_LOADER = "$(BUILT_PRODUCTS_DIR)/YunGrid.app/YunGrid";
				FRAMEWORK_SEARCH_PATHS = (
					"$(SDKROOT)/Developer/Library/Frameworks",
					"$(inherited)",
					"$(DEVELOPER_FRAMEWORKS_DIR)",
				);
				GCC_PRECOMPILE_PREFIX_HEADER = YES;
				GCC_PREFIX_HEADER = "YunGrid/YunGrid-Prefix.pch";
				GCC_PREPROCESSOR_DEFINITIONS = (
					"DEBUG=1",
					"$(inherited)",
				);
				INFOPLIST_FILE = "YunGridTests/YunGridTests-Info.plist";
				PRODUCT_NAME = "$(TARGET_NAME)";
				TEST_HOST = "$(BUNDLE_LOADER)";
				WRAPPER_EXTENSION = xctest;
			};
			name = Debug;
		};
		CEF1D4891976757800D4B18E /* Release */ = {
			isa = XCBuildConfiguration;
			buildSettings = {
				BUNDLE_LOADER = "$(BUILT_PRODUCTS_DIR)/YunGrid.app/YunGrid";
				FRAMEWORK_SEARCH_PATHS = (
					"$(SDKROOT)/Developer/Library/Frameworks",
					"$(inherited)",
					"$(DEVELOPER_FRAMEWORKS_DIR)",
				);
				GCC_PRECOMPILE_PREFIX_HEADER = YES;
				GCC_PREFIX_HEADER = "YunGrid/YunGrid-Prefix.pch";
				INFOPLIST_FILE = "YunGridTests/YunGridTests-Info.plist";
				PRODUCT_NAME = "$(TARGET_NAME)";
				TEST_HOST = "$(BUNDLE_LOADER)";
				WRAPPER_EXTENSION = xctest;
			};
			name = Release;
		};
/* End XCBuildConfiguration section */

/* Begin XCConfigurationList section */
		CEF1D4531976757800D4B18E /* Build configuration list for PBXProject "YunGrid" */ = {
			isa = XCConfigurationList;
			buildConfigurations = (
				CEF1D4821976757800D4B18E /* Debug */,
				CEF1D4831976757800D4B18E /* Release */,
			);
			defaultConfigurationIsVisible = 0;
			defaultConfigurationName = Release;
		};
		CEF1D4841976757800D4B18E /* Build configuration list for PBXNativeTarget "YunGrid" */ = {
			isa = XCConfigurationList;
			buildConfigurations = (
				CEF1D4851976757800D4B18E /* Debug */,
				CEF1D4861976757800D4B18E /* Release */,
			);
			defaultConfigurationIsVisible = 0;
		};
		CEF1D4871976757800D4B18E /* Build configuration list for PBXNativeTarget "YunGridTests" */ = {
			isa = XCConfigurationList;
			buildConfigurations = (
				CEF1D4881976757800D4B18E /* Debug */,
				CEF1D4891976757800D4B18E /* Release */,
			);
			defaultConfigurationIsVisible = 0;
		};
/* End XCConfigurationList section */
	};
	rootObject = CEF1D4501976757800D4B18E /* Project object */;
}
