// !$*UTF8*$!
{
	archiveVersion = 1;
	classes = {
	};
	objectVersion = 46;
	objects = {

/* Begin PBXBuildFile section */
		CE80723419776A5E0002F552 /* YNGongzuoViewController.m in Sources */ = {isa = PBXBuildFile; fileRef = CE80723319776A5E0002F552 /* YNGongzuoViewController.m */; };
		CE80723A19776BF20002F552 /* YNXianchangkanchaViewController.m in Sources */ = {isa = PBXBuildFile; fileRef = CE80723919776BF20002F552 /* YNXianchangkanchaViewController.m */; };
		CE80723D19776C3C0002F552 /* FileListViewController.m in Sources */ = {isa = PBXBuildFile; fileRef = CE80723C19776C3C0002F552 /* FileListViewController.m */; };
		CE80724219776C6E0002F552 /* SecurityTable.xib in Resources */ = {isa = PBXBuildFile; fileRef = CE80724119776C6E0002F552 /* SecurityTable.xib */; };
		CE80724419776D290002F552 /* QuartzCore.framework in Frameworks */ = {isa = PBXBuildFile; fileRef = CE80724319776D290002F552 /* QuartzCore.framework */; };
		CEF1D45C1976757800D4B18E /* Foundation.framework in Frameworks */ = {isa = PBXBuildFile; fileRef = CEF1D45B1976757800D4B18E /* Foundation.framework */; };
		CEF1D45E1976757800D4B18E /* CoreGraphics.framework in Frameworks */ = {isa = PBXBuildFile; fileRef = CEF1D45D1976757800D4B18E /* CoreGraphics.framework */; };
		CEF1D4601976757800D4B18E /* UIKit.framework in Frameworks */ = {isa = PBXBuildFile; fileRef = CEF1D45F1976757800D4B18E /* UIKit.framework */; };
		CEF1D4661976757800D4B18E /* InfoPlist.strings in Resources */ = {isa = PBXBuildFile; fileRef = CEF1D4641976757800D4B18E /* InfoPlist.strings */; };
		CEF1D4681976757800D4B18E /* main.m in Sources */ = {isa = PBXBuildFile; fileRef = CEF1D4671976757800D4B18E /* main.m */; };
		CEF1D46C1976757800D4B18E /* AppDelegate.m in Sources */ = {isa = PBXBuildFile; fileRef = CEF1D46B1976757800D4B18E /* AppDelegate.m */; };
		CEF1D46E1976757800D4B18E /* Images.xcassets in Resources */ = {isa = PBXBuildFile; fileRef = CEF1D46D1976757800D4B18E /* Images.xcassets */; };
		CEF1D4751976757800D4B18E /* XCTest.framework in Frameworks */ = {isa = PBXBuildFile; fileRef = CEF1D4741976757800D4B18E /* XCTest.framework */; };
		CEF1D4761976757800D4B18E /* Foundation.framework in Frameworks */ = {isa = PBXBuildFile; fileRef = CEF1D45B1976757800D4B18E /* Foundation.framework */; };
		CEF1D4771976757800D4B18E /* UIKit.framework in Frameworks */ = {isa = PBXBuildFile; fileRef = CEF1D45F1976757800D4B18E /* UIKit.framework */; };
		CEF1D47F1976757800D4B18E /* InfoPlist.strings in Resources */ = {isa = PBXBuildFile; fileRef = CEF1D47D1976757800D4B18E /* InfoPlist.strings */; };
		CEF1D4811976757800D4B18E /* YunGridTests.m in Sources */ = {isa = PBXBuildFile; fileRef = CEF1D4801976757800D4B18E /* YunGridTests.m */; };
		CEF1D6D81976BA5E00D4B18E /* 1px_underline@2x.png in Resources */ = {isa = PBXBuildFile; fileRef = CEF1D6C61976BA5E00D4B18E /* 1px_underline@2x.png */; };
		CEF1D6D91976BA5E00D4B18E /* edit.png in Resources */ = {isa = PBXBuildFile; fileRef = CEF1D6C71976BA5E00D4B18E /* edit.png */; };
		CEF1D6DA1976BA5E00D4B18E /* edit@2x.png in Resources */ = {isa = PBXBuildFile; fileRef = CEF1D6C81976BA5E00D4B18E /* edit@2x.png */; };
		CEF1D6DB1976BA5E00D4B18E /* login.png in Resources */ = {isa = PBXBuildFile; fileRef = CEF1D6C91976BA5E00D4B18E /* login.png */; };
		CEF1D6DC1976BA5E00D4B18E /* login_background@2x.png in Resources */ = {isa = PBXBuildFile; fileRef = CEF1D6CA1976BA5E00D4B18E /* login_background@2x.png */; };
		CEF1D6DD1976BA5E00D4B18E /* main.png in Resources */ = {isa = PBXBuildFile; fileRef = CEF1D6CB1976BA5E00D4B18E /* main.png */; };
		CEF1D6DE1976BA5E00D4B18E /* main@2x.png in Resources */ = {isa = PBXBuildFile; fileRef = CEF1D6CC1976BA5E00D4B18E /* main@2x.png */; };
		CEF1D6DF1976BA5E00D4B18E /* new.png in Resources */ = {isa = PBXBuildFile; fileRef = CEF1D6CD1976BA5E00D4B18E /* new.png */; };
		CEF1D6E01976BA5E00D4B18E /* new@2x.png in Resources */ = {isa = PBXBuildFile; fileRef = CEF1D6CE1976BA5E00D4B18E /* new@2x.png */; };
		CEF1D6E11976BA5E00D4B18E /* power-grid.png in Resources */ = {isa = PBXBuildFile; fileRef = CEF1D6CF1976BA5E00D4B18E /* power-grid.png */; };
		CEF1D6E21976BA5E00D4B18E /* power-grid@2x.png in Resources */ = {isa = PBXBuildFile; fileRef = CEF1D6D01976BA5E00D4B18E /* power-grid@2x.png */; };
		CEF1D6E31976BA5E00D4B18E /* save.png in Resources */ = {isa = PBXBuildFile; fileRef = CEF1D6D11976BA5E00D4B18E /* save.png */; };
		CEF1D6E41976BA5E00D4B18E /* save@2x.png in Resources */ = {isa = PBXBuildFile; fileRef = CEF1D6D21976BA5E00D4B18E /* save@2x.png */; };
		CEF1D6E51976BA5E00D4B18E /* talePole.png in Resources */ = {isa = PBXBuildFile; fileRef = CEF1D6D31976BA5E00D4B18E /* talePole.png */; };
		CEF1D6E61976BA5E00D4B18E /* talePole@2x.png in Resources */ = {isa = PBXBuildFile; fileRef = CEF1D6D41976BA5E00D4B18E /* talePole@2x.png */; };
		CEF1D6E71976BA5E00D4B18E /* textUnderline@2x.png in Resources */ = {isa = PBXBuildFile; fileRef = CEF1D6D51976BA5E00D4B18E /* textUnderline@2x.png */; };
		CEF1D6E81976BA5E00D4B18E /* trans.png in Resources */ = {isa = PBXBuildFile; fileRef = CEF1D6D61976BA5E00D4B18E /* trans.png */; };
		CEF1D6E91976BA5E00D4B18E /* trans@2x.png in Resources */ = {isa = PBXBuildFile; fileRef = CEF1D6D71976BA5E00D4B18E /* trans@2x.png */; };
		CEF1D6EE1976BCBB00D4B18E /* LoginViewController.m in Sources */ = {isa = PBXBuildFile; fileRef = CEF1D6EC1976BCBB00D4B18E /* LoginViewController.m */; };
		CEF1D6EF1976BCBB00D4B18E /* LoginViewController.xib in Resources */ = {isa = PBXBuildFile; fileRef = CEF1D6ED1976BCBB00D4B18E /* LoginViewController.xib */; };
		CEF1D6F21976C58C00D4B18E /* ClassofWorkViewController.m in Sources */ = {isa = PBXBuildFile; fileRef = CEF1D6F11976C58C00D4B18E /* ClassofWorkViewController.m */; };
		CEF1D6F71976D3A900D4B18E /* Task.xib in Resources */ = {isa = PBXBuildFile; fileRef = CEF1D6F61976D3A900D4B18E /* Task.xib */; };
		CEF1D7031976D43A00D4B18E /* FMDatabase.m in Sources */ = {isa = PBXBuildFile; fileRef = CEF1D6FA1976D43A00D4B18E /* FMDatabase.m */; };
		CEF1D7041976D43A00D4B18E /* FMDatabaseAdditions.m in Sources */ = {isa = PBXBuildFile; fileRef = CEF1D6FC1976D43A00D4B18E /* FMDatabaseAdditions.m */; };
		CEF1D7051976D43A00D4B18E /* FMDatabasePool.m in Sources */ = {isa = PBXBuildFile; fileRef = CEF1D6FE1976D43A00D4B18E /* FMDatabasePool.m */; };
		CEF1D7061976D43A00D4B18E /* FMDatabaseQueue.m in Sources */ = {isa = PBXBuildFile; fileRef = CEF1D7001976D43A00D4B18E /* FMDatabaseQueue.m */; };
		CEF1D7071976D43A00D4B18E /* FMResultSet.m in Sources */ = {isa = PBXBuildFile; fileRef = CEF1D7021976D43A00D4B18E /* FMResultSet.m */; };
		CEF1D73919775A9F00D4B18E /* AFHTTPRequestOperation.m in Sources */ = {isa = PBXBuildFile; fileRef = CEF1D72719775A9F00D4B18E /* AFHTTPRequestOperation.m */; };
		CEF1D73A19775A9F00D4B18E /* AFHTTPRequestOperationManager.m in Sources */ = {isa = PBXBuildFile; fileRef = CEF1D72919775A9F00D4B18E /* AFHTTPRequestOperationManager.m */; };
		CEF1D73B19775A9F00D4B18E /* AFHTTPSessionManager.m in Sources */ = {isa = PBXBuildFile; fileRef = CEF1D72B19775A9F00D4B18E /* AFHTTPSessionManager.m */; };
		CEF1D73C19775A9F00D4B18E /* AFNetworkReachabilityManager.m in Sources */ = {isa = PBXBuildFile; fileRef = CEF1D72E19775A9F00D4B18E /* AFNetworkReachabilityManager.m */; };
		CEF1D73D19775A9F00D4B18E /* AFSecurityPolicy.m in Sources */ = {isa = PBXBuildFile; fileRef = CEF1D73019775A9F00D4B18E /* AFSecurityPolicy.m */; };
		CEF1D73E19775A9F00D4B18E /* AFURLConnectionOperation.m in Sources */ = {isa = PBXBuildFile; fileRef = CEF1D73219775A9F00D4B18E /* AFURLConnectionOperation.m */; };
		CEF1D73F19775A9F00D4B18E /* AFURLRequestSerialization.m in Sources */ = {isa = PBXBuildFile; fileRef = CEF1D73419775A9F00D4B18E /* AFURLRequestSerialization.m */; };
		CEF1D74019775A9F00D4B18E /* AFURLResponseSerialization.m in Sources */ = {isa = PBXBuildFile; fileRef = CEF1D73619775A9F00D4B18E /* AFURLResponseSerialization.m */; };
		CEF1D74119775A9F00D4B18E /* AFURLSessionManager.m in Sources */ = {isa = PBXBuildFile; fileRef = CEF1D73819775A9F00D4B18E /* AFURLSessionManager.m */; };
		CEF1D74719775C5200D4B18E /* TaskViewController.m in Sources */ = {isa = PBXBuildFile; fileRef = CEF1D74619775C5200D4B18E /* TaskViewController.m */; };
		CEF1D749197761B000D4B18E /* YNGrid.sqlite3 in Resources */ = {isa = PBXBuildFile; fileRef = CEF1D748197761B000D4B18E /* YNGrid.sqlite3 */; };
		CEF1D74B1977623600D4B18E /* libz.dylib in Frameworks */ = {isa = PBXBuildFile; fileRef = CEF1D74A1977623600D4B18E /* libz.dylib */; };
		CEF1D74D1977624700D4B18E /* libsqlite3.0.dylib in Frameworks */ = {isa = PBXBuildFile; fileRef = CEF1D74C1977624700D4B18E /* libsqlite3.0.dylib */; };
/* End PBXBuildFile section */

/* Begin PBXContainerItemProxy section */
		CEF1D4781976757800D4B18E /* PBXContainerItemProxy */ = {
			isa = PBXContainerItemProxy;
			containerPortal = CEF1D4501976757800D4B18E /* Project object */;
			proxyType = 1;
			remoteGlobalIDString = CEF1D4571976757800D4B18E;
			remoteInfo = YunGrid;
		};
/* End PBXContainerItemProxy section */

/* Begin PBXFileReference section */
		CE80723219776A560002F552 /* YNGongzuoViewController.h */ = {isa = PBXFileReference; lastKnownFileType = sourcecode.c.h; path = YNGongzuoViewController.h; sourceTree = "<group>"; };
		CE80723319776A5E0002F552 /* YNGongzuoViewController.m */ = {isa = PBXFileReference; fileEncoding = 4; lastKnownFileType = sourcecode.c.objc; path = YNGongzuoViewController.m; sourceTree = "<group>"; };
		CE80723819776BEC0002F552 /* YNXianchangkanchaViewController.h */ = {isa = PBXFileReference; lastKnownFileType = sourcecode.c.h; path = YNXianchangkanchaViewController.h; sourceTree = "<group>"; };
		CE80723919776BF20002F552 /* YNXianchangkanchaViewController.m */ = {isa = PBXFileReference; fileEncoding = 4; lastKnownFileType = sourcecode.c.objc; path = YNXianchangkanchaViewController.m; sourceTree = "<group>"; };
		CE80723B19776C360002F552 /* FileListViewController.h */ = {isa = PBXFileReference; lastKnownFileType = sourcecode.c.h; path = FileListViewController.h; sourceTree = "<group>"; };
		CE80723C19776C3C0002F552 /* FileListViewController.m */ = {isa = PBXFileReference; fileEncoding = 4; lastKnownFileType = sourcecode.c.objc; path = FileListViewController.m; sourceTree = "<group>"; };
		CE80724119776C6E0002F552 /* SecurityTable.xib */ = {isa = PBXFileReference; fileEncoding = 4; lastKnownFileType = file.xib; path = SecurityTable.xib; sourceTree = "<group>"; };
		CE80724319776D290002F552 /* QuartzCore.framework */ = {isa = PBXFileReference; lastKnownFileType = wrapper.framework; name = QuartzCore.framework; path = System/Library/Frameworks/QuartzCore.framework; sourceTree = SDKROOT; };
		CEF1D4581976757800D4B18E /* YunGrid.app */ = {isa = PBXFileReference; explicitFileType = wrapper.application; includeInIndex = 0; path = YunGrid.app; sourceTree = BUILT_PRODUCTS_DIR; };
		CEF1D45B1976757800D4B18E /* Foundation.framework */ = {isa = PBXFileReference; lastKnownFileType = wrapper.framework; name = Foundation.framework; path = System/Library/Frameworks/Foundation.framework; sourceTree = SDKROOT; };
		CEF1D45D1976757800D4B18E /* CoreGraphics.framework */ = {isa = PBXFileReference; lastKnownFileType = wrapper.framework; name = CoreGraphics.framework; path = System/Library/Frameworks/CoreGraphics.framework; sourceTree = SDKROOT; };
		CEF1D45F1976757800D4B18E /* UIKit.framework */ = {isa = PBXFileReference; lastKnownFileType = wrapper.framework; name = UIKit.framework; path = System/Library/Frameworks/UIKit.framework; sourceTree = SDKROOT; };
		CEF1D4631976757800D4B18E /* YunGrid-Info.plist */ = {isa = PBXFileReference; lastKnownFileType = text.plist.xml; path = "YunGrid-Info.plist"; sourceTree = "<group>"; };
		CEF1D4651976757800D4B18E /* en */ = {isa = PBXFileReference; lastKnownFileType = text.plist.strings; name = en; path = en.lproj/InfoPlist.strings; sourceTree = "<group>"; };
		CEF1D4671976757800D4B18E /* main.m */ = {isa = PBXFileReference; lastKnownFileType = sourcecode.c.objc; path = main.m; sourceTree = "<group>"; };
		CEF1D4691976757800D4B18E /* YunGrid-Prefix.pch */ = {isa = PBXFileReference; lastKnownFileType = sourcecode.c.h; path = "YunGrid-Prefix.pch"; sourceTree = "<group>"; };
		CEF1D46A1976757800D4B18E /* AppDelegate.h */ = {isa = PBXFileReference; lastKnownFileType = sourcecode.c.h; path = AppDelegate.h; sourceTree = "<group>"; };
		CEF1D46B1976757800D4B18E /* AppDelegate.m */ = {isa = PBXFileReference; lastKnownFileType = sourcecode.c.objc; path = AppDelegate.m; sourceTree = "<group>"; };
		CEF1D46D1976757800D4B18E /* Images.xcassets */ = {isa = PBXFileReference; lastKnownFileType = folder.assetcatalog; path = Images.xcassets; sourceTree = "<group>"; };
		CEF1D4731976757800D4B18E /* YunGridTests.xctest */ = {isa = PBXFileReference; explicitFileType = wrapper.cfbundle; includeInIndex = 0; path = YunGridTests.xctest; sourceTree = BUILT_PRODUCTS_DIR; };
		CEF1D4741976757800D4B18E /* XCTest.framework */ = {isa = PBXFileReference; lastKnownFileType = wrapper.framework; name = XCTest.framework; path = Library/Frameworks/XCTest.framework; sourceTree = DEVELOPER_DIR; };
		CEF1D47C1976757800D4B18E /* YunGridTests-Info.plist */ = {isa = PBXFileReference; lastKnownFileType = text.plist.xml; path = "YunGridTests-Info.plist"; sourceTree = "<group>"; };
		CEF1D47E1976757800D4B18E /* en */ = {isa = PBXFileReference; lastKnownFileType = text.plist.strings; name = en; path = en.lproj/InfoPlist.strings; sourceTree = "<group>"; };
		CEF1D4801976757800D4B18E /* YunGridTests.m */ = {isa = PBXFileReference; lastKnownFileType = sourcecode.c.objc; path = YunGridTests.m; sourceTree = "<group>"; };
		CEF1D6C61976BA5E00D4B18E /* 1px_underline@2x.png */ = {isa = PBXFileReference; lastKnownFileType = image.png; path = "1px_underline@2x.png"; sourceTree = "<group>"; };
		CEF1D6C71976BA5E00D4B18E /* edit.png */ = {isa = PBXFileReference; lastKnownFileType = image.png; path = edit.png; sourceTree = "<group>"; };
		CEF1D6C81976BA5E00D4B18E /* edit@2x.png */ = {isa = PBXFileReference; lastKnownFileType = image.png; path = "edit@2x.png"; sourceTree = "<group>"; };
		CEF1D6C91976BA5E00D4B18E /* login.png */ = {isa = PBXFileReference; lastKnownFileType = image.png; path = login.png; sourceTree = "<group>"; };
		CEF1D6CA1976BA5E00D4B18E /* login_background@2x.png */ = {isa = PBXFileReference; lastKnownFileType = image.png; path = "login_background@2x.png"; sourceTree = "<group>"; };
		CEF1D6CB1976BA5E00D4B18E /* main.png */ = {isa = PBXFileReference; lastKnownFileType = image.png; path = main.png; sourceTree = "<group>"; };
		CEF1D6CC1976BA5E00D4B18E /* main@2x.png */ = {isa = PBXFileReference; lastKnownFileType = image.png; path = "main@2x.png"; sourceTree = "<group>"; };
		CEF1D6CD1976BA5E00D4B18E /* new.png */ = {isa = PBXFileReference; lastKnownFileType = image.png; path = new.png; sourceTree = "<group>"; };
		CEF1D6CE1976BA5E00D4B18E /* new@2x.png */ = {isa = PBXFileReference; lastKnownFileType = image.png; path = "new@2x.png"; sourceTree = "<group>"; };
		CEF1D6CF1976BA5E00D4B18E /* power-grid.png */ = {isa = PBXFileReference; lastKnownFileType = image.png; path = "power-grid.png"; sourceTree = "<group>"; };
		CEF1D6D01976BA5E00D4B18E /* power-grid@2x.png */ = {isa = PBXFileReference; lastKnownFileType = image.png; path = "power-grid@2x.png"; sourceTree = "<group>"; };
		CEF1D6D11976BA5E00D4B18E /* save.png */ = {isa = PBXFileReference; lastKnownFileType = image.png; path = save.png; sourceTree = "<group>"; };
		CEF1D6D21976BA5E00D4B18E /* save@2x.png */ = {isa = PBXFileReference; lastKnownFileType = image.png; path = "save@2x.png"; sourceTree = "<group>"; };
		CEF1D6D31976BA5E00D4B18E /* talePole.png */ = {isa = PBXFileReference; lastKnownFileType = image.png; path = talePole.png; sourceTree = "<group>"; };
		CEF1D6D41976BA5E00D4B18E /* talePole@2x.png */ = {isa = PBXFileReference; lastKnownFileType = image.png; path = "talePole@2x.png"; sourceTree = "<group>"; };
		CEF1D6D51976BA5E00D4B18E /* textUnderline@2x.png */ = {isa = PBXFileReference; lastKnownFileType = image.png; path = "textUnderline@2x.png"; sourceTree = "<group>"; };
		CEF1D6D61976BA5E00D4B18E /* trans.png */ = {isa = PBXFileReference; lastKnownFileType = image.png; path = trans.png; sourceTree = "<group>"; };
		CEF1D6D71976BA5E00D4B18E /* trans@2x.png */ = {isa = PBXFileReference; lastKnownFileType = image.png; path = "trans@2x.png"; sourceTree = "<group>"; };
		CEF1D6EB1976BCBB00D4B18E /* LoginViewController.h */ = {isa = PBXFileReference; fileEncoding = 4; lastKnownFileType = sourcecode.c.h; path = LoginViewController.h; sourceTree = "<group>"; };
		CEF1D6EC1976BCBB00D4B18E /* LoginViewController.m */ = {isa = PBXFileReference; fileEncoding = 4; lastKnownFileType = sourcecode.c.objc; path = LoginViewController.m; sourceTree = "<group>"; };
		CEF1D6ED1976BCBB00D4B18E /* LoginViewController.xib */ = {isa = PBXFileReference; fileEncoding = 4; lastKnownFileType = file.xib; path = LoginViewController.xib; sourceTree = "<group>"; };
		CEF1D6F01976C56E00D4B18E /* ClassofWorkViewController.h */ = {isa = PBXFileReference; fileEncoding = 4; lastKnownFileType = sourcecode.c.h; path = ClassofWorkViewController.h; sourceTree = "<group>"; };
		CEF1D6F11976C58C00D4B18E /* ClassofWorkViewController.m */ = {isa = PBXFileReference; fileEncoding = 4; lastKnownFileType = sourcecode.c.objc; path = ClassofWorkViewController.m; sourceTree = "<group>"; };
		CEF1D6F61976D3A900D4B18E /* Task.xib */ = {isa = PBXFileReference; fileEncoding = 4; lastKnownFileType = file.xib; path = Task.xib; sourceTree = "<group>"; };
		CEF1D6F91976D43A00D4B18E /* FMDatabase.h */ = {isa = PBXFileReference; fileEncoding = 4; lastKnownFileType = sourcecode.c.h; path = FMDatabase.h; sourceTree = "<group>"; };
		CEF1D6FA1976D43A00D4B18E /* FMDatabase.m */ = {isa = PBXFileReference; fileEncoding = 4; lastKnownFileType = sourcecode.c.objc; path = FMDatabase.m; sourceTree = "<group>"; };
		CEF1D6FB1976D43A00D4B18E /* FMDatabaseAdditions.h */ = {isa = PBXFileReference; fileEncoding = 4; lastKnownFileType = sourcecode.c.h; path = FMDatabaseAdditions.h; sourceTree = "<group>"; };
		CEF1D6FC1976D43A00D4B18E /* FMDatabaseAdditions.m */ = {isa = PBXFileReference; fileEncoding = 4; lastKnownFileType = sourcecode.c.objc; path = FMDatabaseAdditions.m; sourceTree = "<group>"; };
		CEF1D6FD1976D43A00D4B18E /* FMDatabasePool.h */ = {isa = PBXFileReference; fileEncoding = 4; lastKnownFileType = sourcecode.c.h; path = FMDatabasePool.h; sourceTree = "<group>"; };
		CEF1D6FE1976D43A00D4B18E /* FMDatabasePool.m */ = {isa = PBXFileReference; fileEncoding = 4; lastKnownFileType = sourcecode.c.objc; path = FMDatabasePool.m; sourceTree = "<group>"; };
		CEF1D6FF1976D43A00D4B18E /* FMDatabaseQueue.h */ = {isa = PBXFileReference; fileEncoding = 4; lastKnownFileType = sourcecode.c.h; path = FMDatabaseQueue.h; sourceTree = "<group>"; };
		CEF1D7001976D43A00D4B18E /* FMDatabaseQueue.m */ = {isa = PBXFileReference; fileEncoding = 4; lastKnownFileType = sourcecode.c.objc; path = FMDatabaseQueue.m; sourceTree = "<group>"; };
		CEF1D7011976D43A00D4B18E /* FMResultSet.h */ = {isa = PBXFileReference; fileEncoding = 4; lastKnownFileType = sourcecode.c.h; path = FMResultSet.h; sourceTree = "<group>"; };
		CEF1D7021976D43A00D4B18E /* FMResultSet.m */ = {isa = PBXFileReference; fileEncoding = 4; lastKnownFileType = sourcecode.c.objc; path = FMResultSet.m; sourceTree = "<group>"; };
		CEF1D72619775A9F00D4B18E /* AFHTTPRequestOperation.h */ = {isa = PBXFileReference; fileEncoding = 4; lastKnownFileType = sourcecode.c.h; path = AFHTTPRequestOperation.h; sourceTree = "<group>"; };
		CEF1D72719775A9F00D4B18E /* AFHTTPRequestOperation.m */ = {isa = PBXFileReference; fileEncoding = 4; lastKnownFileType = sourcecode.c.objc; path = AFHTTPRequestOperation.m; sourceTree = "<group>"; };
		CEF1D72819775A9F00D4B18E /* AFHTTPRequestOperationManager.h */ = {isa = PBXFileReference; fileEncoding = 4; lastKnownFileType = sourcecode.c.h; path = AFHTTPRequestOperationManager.h; sourceTree = "<group>"; };
		CEF1D72919775A9F00D4B18E /* AFHTTPRequestOperationManager.m */ = {isa = PBXFileReference; fileEncoding = 4; lastKnownFileType = sourcecode.c.objc; path = AFHTTPRequestOperationManager.m; sourceTree = "<group>"; };
		CEF1D72A19775A9F00D4B18E /* AFHTTPSessionManager.h */ = {isa = PBXFileReference; fileEncoding = 4; lastKnownFileType = sourcecode.c.h; path = AFHTTPSessionManager.h; sourceTree = "<group>"; };
		CEF1D72B19775A9F00D4B18E /* AFHTTPSessionManager.m */ = {isa = PBXFileReference; fileEncoding = 4; lastKnownFileType = sourcecode.c.objc; path = AFHTTPSessionManager.m; sourceTree = "<group>"; };
		CEF1D72C19775A9F00D4B18E /* AFNetworking.h */ = {isa = PBXFileReference; fileEncoding = 4; lastKnownFileType = sourcecode.c.h; path = AFNetworking.h; sourceTree = "<group>"; };
		CEF1D72D19775A9F00D4B18E /* AFNetworkReachabilityManager.h */ = {isa = PBXFileReference; fileEncoding = 4; lastKnownFileType = sourcecode.c.h; path = AFNetworkReachabilityManager.h; sourceTree = "<group>"; };
		CEF1D72E19775A9F00D4B18E /* AFNetworkReachabilityManager.m */ = {isa = PBXFileReference; fileEncoding = 4; lastKnownFileType = sourcecode.c.objc; path = AFNetworkReachabilityManager.m; sourceTree = "<group>"; };
		CEF1D72F19775A9F00D4B18E /* AFSecurityPolicy.h */ = {isa = PBXFileReference; fileEncoding = 4; lastKnownFileType = sourcecode.c.h; path = AFSecurityPolicy.h; sourceTree = "<group>"; };
		CEF1D73019775A9F00D4B18E /* AFSecurityPolicy.m */ = {isa = PBXFileReference; fileEncoding = 4; lastKnownFileType = sourcecode.c.objc; path = AFSecurityPolicy.m; sourceTree = "<group>"; };
		CEF1D73119775A9F00D4B18E /* AFURLConnectionOperation.h */ = {isa = PBXFileReference; fileEncoding = 4; lastKnownFileType = sourcecode.c.h; path = AFURLConnectionOperation.h; sourceTree = "<group>"; };
		CEF1D73219775A9F00D4B18E /* AFURLConnectionOperation.m */ = {isa = PBXFileReference; fileEncoding = 4; lastKnownFileType = sourcecode.c.objc; path = AFURLConnectionOperation.m; sourceTree = "<group>"; };
		CEF1D73319775A9F00D4B18E /* AFURLRequestSerialization.h */ = {isa = PBXFileReference; fileEncoding = 4; lastKnownFileType = sourcecode.c.h; path = AFURLRequestSerialization.h; sourceTree = "<group>"; };
		CEF1D73419775A9F00D4B18E /* AFURLRequestSerialization.m */ = {isa = PBXFileReference; fileEncoding = 4; lastKnownFileType = sourcecode.c.objc; path = AFURLRequestSerialization.m; sourceTree = "<group>"; };
		CEF1D73519775A9F00D4B18E /* AFURLResponseSerialization.h */ = {isa = PBXFileReference; fileEncoding = 4; lastKnownFileType = sourcecode.c.h; path = AFURLResponseSerialization.h; sourceTree = "<group>"; };
		CEF1D73619775A9F00D4B18E /* AFURLResponseSerialization.m */ = {isa = PBXFileReference; fileEncoding = 4; lastKnownFileType = sourcecode.c.objc; path = AFURLResponseSerialization.m; sourceTree = "<group>"; };
		CEF1D73719775A9F00D4B18E /* AFURLSessionManager.h */ = {isa = PBXFileReference; fileEncoding = 4; lastKnownFileType = sourcecode.c.h; path = AFURLSessionManager.h; sourceTree = "<group>"; };
		CEF1D73819775A9F00D4B18E /* AFURLSessionManager.m */ = {isa = PBXFileReference; fileEncoding = 4; lastKnownFileType = sourcecode.c.objc; path = AFURLSessionManager.m; sourceTree = "<group>"; };
		CEF1D74519775C4900D4B18E /* TaskViewController.h */ = {isa = PBXFileReference; lastKnownFileType = sourcecode.c.h; path = TaskViewController.h; sourceTree = "<group>"; };
		CEF1D74619775C5200D4B18E /* TaskViewController.m */ = {isa = PBXFileReference; fileEncoding = 4; lastKnownFileType = sourcecode.c.objc; path = TaskViewController.m; sourceTree = "<group>"; };
		CEF1D748197761B000D4B18E /* YNGrid.sqlite3 */ = {isa = PBXFileReference; lastKnownFileType = file; path = YNGrid.sqlite3; sourceTree = "<group>"; };
		CEF1D74A1977623600D4B18E /* libz.dylib */ = {isa = PBXFileReference; lastKnownFileType = "compiled.mach-o.dylib"; name = libz.dylib; path = usr/lib/libz.dylib; sourceTree = SDKROOT; };
		CEF1D74C1977624700D4B18E /* libsqlite3.0.dylib */ = {isa = PBXFileReference; lastKnownFileType = "compiled.mach-o.dylib"; name = libsqlite3.0.dylib; path = usr/lib/libsqlite3.0.dylib; sourceTree = SDKROOT; };
/* End PBXFileReference section */

/* Begin PBXFrameworksBuildPhase section */
		CEF1D4551976757800D4B18E /* Frameworks */ = {
			isa = PBXFrameworksBuildPhase;
			buildActionMask = 2147483647;
			files = (
				CE80724419776D290002F552 /* QuartzCore.framework in Frameworks */,
				CEF1D74D1977624700D4B18E /* libsqlite3.0.dylib in Frameworks */,
				CEF1D74B1977623600D4B18E /* libz.dylib in Frameworks */,
				CEF1D45E1976757800D4B18E /* CoreGraphics.framework in Frameworks */,
				CEF1D4601976757800D4B18E /* UIKit.framework in Frameworks */,
				CEF1D45C1976757800D4B18E /* Foundation.framework in Frameworks */,
			);
			runOnlyForDeploymentPostprocessing = 0;
		};
		CEF1D4701976757800D4B18E /* Frameworks */ = {
			isa = PBXFrameworksBuildPhase;
			buildActionMask = 2147483647;
			files = (
				CEF1D4751976757800D4B18E /* XCTest.framework in Frameworks */,
				CEF1D4771976757800D4B18E /* UIKit.framework in Frameworks */,
				CEF1D4761976757800D4B18E /* Foundation.framework in Frameworks */,
			);
			runOnlyForDeploymentPostprocessing = 0;
		};
/* End PBXFrameworksBuildPhase section */

/* Begin PBXGroup section */
		CE8072311977698B0002F552 /* 计划作业 */ = {
			isa = PBXGroup;
			children = (
				CEF1D74519775C4900D4B18E /* TaskViewController.h */,
				CEF1D74619775C5200D4B18E /* TaskViewController.m */,
				CEF1D6F61976D3A900D4B18E /* Task.xib */,
				CE80723219776A560002F552 /* YNGongzuoViewController.h */,
				CE80723319776A5E0002F552 /* YNGongzuoViewController.m */,
				CE80723519776B0F0002F552 /* 现场勘查 */,
				CE80723619776B1F0002F552 /* 作业文件编制 */,
				CE80723719776B2C0002F552 /* 现场作业 */,
			);
			name = "计划作业";
			sourceTree = "<group>";
		};
		CE80723519776B0F0002F552 /* 现场勘查 */ = {
			isa = PBXGroup;
			children = (
				CE80723819776BEC0002F552 /* YNXianchangkanchaViewController.h */,
				CE80723919776BF20002F552 /* YNXianchangkanchaViewController.m */,
			);
			name = "现场勘查";
			sourceTree = "<group>";
		};
		CE80723619776B1F0002F552 /* 作业文件编制 */ = {
			isa = PBXGroup;
			children = (
				CE80723B19776C360002F552 /* FileListViewController.h */,
				CE80723C19776C3C0002F552 /* FileListViewController.m */,
			);
			name = "作业文件编制";
			sourceTree = "<group>";
		};
		CE80723719776B2C0002F552 /* 现场作业 */ = {
			isa = PBXGroup;
			children = (
				CE80724119776C6E0002F552 /* SecurityTable.xib */,
			);
			name = "现场作业";
			sourceTree = "<group>";
		};
		CEF1D44F1976757800D4B18E = {
			isa = PBXGroup;
			children = (
				CEF1D4611976757800D4B18E /* YunGrid */,
				CEF1D47A1976757800D4B18E /* YunGridTests */,
				CEF1D45A1976757800D4B18E /* Frameworks */,
				CEF1D4591976757800D4B18E /* Products */,
			);
			sourceTree = "<group>";
		};
		CEF1D4591976757800D4B18E /* Products */ = {
			isa = PBXGroup;
			children = (
				CEF1D4581976757800D4B18E /* YunGrid.app */,
				CEF1D4731976757800D4B18E /* YunGridTests.xctest */,
			);
			name = Products;
			sourceTree = "<group>";
		};
		CEF1D45A1976757800D4B18E /* Frameworks */ = {
			isa = PBXGroup;
			children = (
				CE80724319776D290002F552 /* QuartzCore.framework */,
				CEF1D74C1977624700D4B18E /* libsqlite3.0.dylib */,
				CEF1D74A1977623600D4B18E /* libz.dylib */,
				CEF1D45B1976757800D4B18E /* Foundation.framework */,
				CEF1D45D1976757800D4B18E /* CoreGraphics.framework */,
				CEF1D45F1976757800D4B18E /* UIKit.framework */,
				CEF1D4741976757800D4B18E /* XCTest.framework */,
			);
			name = Frameworks;
			sourceTree = "<group>";
		};
		CEF1D4611976757800D4B18E /* YunGrid */ = {
			isa = PBXGroup;
			children = (
				CEF1D748197761B000D4B18E /* YNGrid.sqlite3 */,
				CEF1D72519775A9F00D4B18E /* AFNetworking */,
				CEF1D6F81976D43A00D4B18E /* FMDB */,
				CEF1D46A1976757800D4B18E /* AppDelegate.h */,
				CEF1D46B1976757800D4B18E /* AppDelegate.m */,
				CEF1D6EA1976BAC900D4B18E /* Login */,
				CE8072311977698B0002F552 /* 计划作业 */,
				CEF1D6C51976BA5E00D4B18E /* Images */,
				CEF1D46D1976757800D4B18E /* Images.xcassets */,
				CEF1D4621976757800D4B18E /* Supporting Files */,
			);
			path = YunGrid;
			sourceTree = "<group>";
		};
		CEF1D4621976757800D4B18E /* Supporting Files */ = {
			isa = PBXGroup;
			children = (
				CEF1D4631976757800D4B18E /* YunGrid-Info.plist */,
				CEF1D4641976757800D4B18E /* InfoPlist.strings */,
				CEF1D4671976757800D4B18E /* main.m */,
				CEF1D4691976757800D4B18E /* YunGrid-Prefix.pch */,
			);
			name = "Supporting Files";
			sourceTree = "<group>";
		};
		CEF1D47A1976757800D4B18E /* YunGridTests */ = {
			isa = PBXGroup;
			children = (
				CEF1D4801976757800D4B18E /* YunGridTests.m */,
				CEF1D47B1976757800D4B18E /* Supporting Files */,
			);
			path = YunGridTests;
			sourceTree = "<group>";
		};
		CEF1D47B1976757800D4B18E /* Supporting Files */ = {
			isa = PBXGroup;
			children = (
				CEF1D47C1976757800D4B18E /* YunGridTests-Info.plist */,
				CEF1D47D1976757800D4B18E /* InfoPlist.strings */,
			);
			name = "Supporting Files";
			sourceTree = "<group>";
		};
		CEF1D6C51976BA5E00D4B18E /* Images */ = {
			isa = PBXGroup;
			children = (
				CEF1D6C61976BA5E00D4B18E /* 1px_underline@2x.png */,
				CEF1D6C71976BA5E00D4B18E /* edit.png */,
				CEF1D6C81976BA5E00D4B18E /* edit@2x.png */,
				CEF1D6C91976BA5E00D4B18E /* login.png */,
				CEF1D6CA1976BA5E00D4B18E /* login_background@2x.png */,
				CEF1D6CB1976BA5E00D4B18E /* main.png */,
				CEF1D6CC1976BA5E00D4B18E /* main@2x.png */,
				CEF1D6CD1976BA5E00D4B18E /* new.png */,
				CEF1D6CE1976BA5E00D4B18E /* new@2x.png */,
				CEF1D6CF1976BA5E00D4B18E /* power-grid.png */,
				CEF1D6D01976BA5E00D4B18E /* power-grid@2x.png */,
				CEF1D6D11976BA5E00D4B18E /* save.png */,
				CEF1D6D21976BA5E00D4B18E /* save@2x.png */,
				CEF1D6D31976BA5E00D4B18E /* talePole.png */,
				CEF1D6D41976BA5E00D4B18E /* talePole@2x.png */,
				CEF1D6D51976BA5E00D4B18E /* textUnderline@2x.png */,
				CEF1D6D61976BA5E00D4B18E /* trans.png */,
				CEF1D6D71976BA5E00D4B18E /* trans@2x.png */,
			);
			path = Images;
			sourceTree = "<group>";
		};
		CEF1D6EA1976BAC900D4B18E /* Login */ = {
			isa = PBXGroup;
			children = (
				CEF1D6EB1976BCBB00D4B18E /* LoginViewController.h */,
				CEF1D6EC1976BCBB00D4B18E /* LoginViewController.m */,
				CEF1D6ED1976BCBB00D4B18E /* LoginViewController.xib */,
				CEF1D6F01976C56E00D4B18E /* ClassofWorkViewController.h */,
				CEF1D6F11976C58C00D4B18E /* ClassofWorkViewController.m */,
			);
			name = Login;
			sourceTree = "<group>";
		};
		CEF1D6F81976D43A00D4B18E /* FMDB */ = {
			isa = PBXGroup;
			children = (
				CEF1D6F91976D43A00D4B18E /* FMDatabase.h */,
				CEF1D6FA1976D43A00D4B18E /* FMDatabase.m */,
				CEF1D6FB1976D43A00D4B18E /* FMDatabaseAdditions.h */,
				CEF1D6FC1976D43A00D4B18E /* FMDatabaseAdditions.m */,
				CEF1D6FD1976D43A00D4B18E /* FMDatabasePool.h */,
				CEF1D6FE1976D43A00D4B18E /* FMDatabasePool.m */,
				CEF1D6FF1976D43A00D4B18E /* FMDatabaseQueue.h */,
				CEF1D7001976D43A00D4B18E /* FMDatabaseQueue.m */,
				CEF1D7011976D43A00D4B18E /* FMResultSet.h */,
				CEF1D7021976D43A00D4B18E /* FMResultSet.m */,
			);
			path = FMDB;
			sourceTree = "<group>";
		};
		CEF1D72519775A9F00D4B18E /* AFNetworking */ = {
			isa = PBXGroup;
			children = (
				CEF1D72619775A9F00D4B18E /* AFHTTPRequestOperation.h */,
				CEF1D72719775A9F00D4B18E /* AFHTTPRequestOperation.m */,
				CEF1D72819775A9F00D4B18E /* AFHTTPRequestOperationManager.h */,
				CEF1D72919775A9F00D4B18E /* AFHTTPRequestOperationManager.m */,
				CEF1D72A19775A9F00D4B18E /* AFHTTPSessionManager.h */,
				CEF1D72B19775A9F00D4B18E /* AFHTTPSessionManager.m */,
				CEF1D72C19775A9F00D4B18E /* AFNetworking.h */,
				CEF1D72D19775A9F00D4B18E /* AFNetworkReachabilityManager.h */,
				CEF1D72E19775A9F00D4B18E /* AFNetworkReachabilityManager.m */,
				CEF1D72F19775A9F00D4B18E /* AFSecurityPolicy.h */,
				CEF1D73019775A9F00D4B18E /* AFSecurityPolicy.m */,
				CEF1D73119775A9F00D4B18E /* AFURLConnectionOperation.h */,
				CEF1D73219775A9F00D4B18E /* AFURLConnectionOperation.m */,
				CEF1D73319775A9F00D4B18E /* AFURLRequestSerialization.h */,
				CEF1D73419775A9F00D4B18E /* AFURLRequestSerialization.m */,
				CEF1D73519775A9F00D4B18E /* AFURLResponseSerialization.h */,
				CEF1D73619775A9F00D4B18E /* AFURLResponseSerialization.m */,
				CEF1D73719775A9F00D4B18E /* AFURLSessionManager.h */,
				CEF1D73819775A9F00D4B18E /* AFURLSessionManager.m */,
			);
			path = AFNetworking;
			sourceTree = "<group>";
		};
/* End PBXGroup section */

/* Begin PBXNativeTarget section */
		CEF1D4571976757800D4B18E /* YunGrid */ = {
			isa = PBXNativeTarget;
			buildConfigurationList = CEF1D4841976757800D4B18E /* Build configuration list for PBXNativeTarget "YunGrid" */;
			buildPhases = (
				CEF1D4541976757800D4B18E /* Sources */,
				CEF1D4551976757800D4B18E /* Frameworks */,
				CEF1D4561976757800D4B18E /* Resources */,
			);
			buildRules = (
			);
			dependencies = (
			);
			name = YunGrid;
			productName = YunGrid;
			productReference = CEF1D4581976757800D4B18E /* YunGrid.app */;
			productType = "com.apple.product-type.application";
		};
		CEF1D4721976757800D4B18E /* YunGridTests */ = {
			isa = PBXNativeTarget;
			buildConfigurationList = CEF1D4871976757800D4B18E /* Build configuration list for PBXNativeTarget "YunGridTests" */;
			buildPhases = (
				CEF1D46F1976757800D4B18E /* Sources */,
				CEF1D4701976757800D4B18E /* Frameworks */,
				CEF1D4711976757800D4B18E /* Resources */,
			);
			buildRules = (
			);
			dependencies = (
				CEF1D4791976757800D4B18E /* PBXTargetDependency */,
			);
			name = YunGridTests;
			productName = YunGridTests;
			productReference = CEF1D4731976757800D4B18E /* YunGridTests.xctest */;
			productType = "com.apple.product-type.bundle.unit-test";
		};
/* End PBXNativeTarget section */

/* Begin PBXProject section */
		CEF1D4501976757800D4B18E /* Project object */ = {
			isa = PBXProject;
			attributes = {
				LastUpgradeCheck = 0510;
				ORGANIZATIONNAME = NCEPU;
				TargetAttributes = {
					CEF1D4721976757800D4B18E = {
						TestTargetID = CEF1D4571976757800D4B18E;
					};
				};
			};
			buildConfigurationList = CEF1D4531976757800D4B18E /* Build configuration list for PBXProject "YunGrid" */;
			compatibilityVersion = "Xcode 3.2";
			developmentRegion = English;
			hasScannedForEncodings = 0;
			knownRegions = (
				en,
				"zh-Hans",
			);
			mainGroup = CEF1D44F1976757800D4B18E;
			productRefGroup = CEF1D4591976757800D4B18E /* Products */;
			projectDirPath = "";
			projectRoot = "";
			targets = (
				CEF1D4571976757800D4B18E /* YunGrid */,
				CEF1D4721976757800D4B18E /* YunGridTests */,
			);
		};
/* End PBXProject section */

/* Begin PBXResourcesBuildPhase section */
		CEF1D4561976757800D4B18E /* Resources */ = {
			isa = PBXResourcesBuildPhase;
			buildActionMask = 2147483647;
			files = (
				CEF1D6DF1976BA5E00D4B18E /* new.png in Resources */,
				CEF1D6DD1976BA5E00D4B18E /* main.png in Resources */,
				CE80724219776C6E0002F552 /* SecurityTable.xib in Resources */,
				CEF1D4661976757800D4B18E /* InfoPlist.strings in Resources */,
				CEF1D6E81976BA5E00D4B18E /* trans.png in Resources */,
				CEF1D6DB1976BA5E00D4B18E /* login.png in Resources */,
				CEF1D6EF1976BCBB00D4B18E /* LoginViewController.xib in Resources */,
				CEF1D6DE1976BA5E00D4B18E /* main@2x.png in Resources */,
				CEF1D6E61976BA5E00D4B18E /* talePole@2x.png in Resources */,
				CEF1D749197761B000D4B18E /* YNGrid.sqlite3 in Resources */,
				CEF1D6E51976BA5E00D4B18E /* talePole.png in Resources */,
				CEF1D6D91976BA5E00D4B18E /* edit.png in Resources */,
				CEF1D46E1976757800D4B18E /* Images.xcassets in Resources */,
				CEF1D6E01976BA5E00D4B18E /* new@2x.png in Resources */,
				CEF1D6F71976D3A900D4B18E /* Task.xib in Resources */,
				CEF1D6DA1976BA5E00D4B18E /* edit@2x.png in Resources */,
				CEF1D6E21976BA5E00D4B18E /* power-grid@2x.png in Resources */,
				CEF1D6E91976BA5E00D4B18E /* trans@2x.png in Resources */,
				CEF1D6E11976BA5E00D4B18E /* power-grid.png in Resources */,
				CEF1D6D81976BA5E00D4B18E /* 1px_underline@2x.png in Resources */,
				CEF1D6E31976BA5E00D4B18E /* save.png in Resources */,
				CEF1D6E41976BA5E00D4B18E /* save@2x.png in Resources */,
				CEF1D6E71976BA5E00D4B18E /* textUnderline@2x.png in Resources */,
				CEF1D6DC1976BA5E00D4B18E /* login_background@2x.png in Resources */,
			);
			runOnlyForDeploymentPostprocessing = 0;
		};
		CEF1D4711976757800D4B18E /* Resources */ = {
			isa = PBXResourcesBuildPhase;
			buildActionMask = 2147483647;
			files = (
				CEF1D47F1976757800D4B18E /* InfoPlist.strings in Resources */,
			);
			runOnlyForDeploymentPostprocessing = 0;
		};
/* End PBXResourcesBuildPhase section */

/* Begin PBXSourcesBuildPhase section */
		CEF1D4541976757800D4B18E /* Sources */ = {
			isa = PBXSourcesBuildPhase;
			buildActionMask = 2147483647;
			files = (
				CEF1D46C1976757800D4B18E /* AppDelegate.m in Sources */,
				CEF1D73D19775A9F00D4B18E /* AFSecurityPolicy.m in Sources */,
				CE80723D19776C3C0002F552 /* FileListViewController.m in Sources */,
				CEF1D73A19775A9F00D4B18E /* AFHTTPRequestOperationManager.m in Sources */,
				CE80723A19776BF20002F552 /* YNXianchangkanchaViewController.m in Sources */,
				CEF1D73919775A9F00D4B18E /* AFHTTPRequestOperation.m in Sources */,
				CEF1D4681976757800D4B18E /* main.m in Sources */,
				CEF1D7031976D43A00D4B18E /* FMDatabase.m in Sources */,
				CEF1D7071976D43A00D4B18E /* FMResultSet.m in Sources */,
				CE80723419776A5E0002F552 /* YNGongzuoViewController.m in Sources */,
				CEF1D73B19775A9F00D4B18E /* AFHTTPSessionManager.m in Sources */,
				CEF1D6EE1976BCBB00D4B18E /* LoginViewController.m in Sources */,
				CEF1D74719775C5200D4B18E /* TaskViewController.m in Sources */,
				CEF1D73E19775A9F00D4B18E /* AFURLConnectionOperation.m in Sources */,
				CEF1D73F19775A9F00D4B18E /* AFURLRequestSerialization.m in Sources */,
				CEF1D74119775A9F00D4B18E /* AFURLSessionManager.m in Sources */,
				CEF1D74019775A9F00D4B18E /* AFURLResponseSerialization.m in Sources */,
				CEF1D7051976D43A00D4B18E /* FMDatabasePool.m in Sources */,
				CEF1D7041976D43A00D4B18E /* FMDatabaseAdditions.m in Sources */,
				CEF1D6F21976C58C00D4B18E /* ClassofWorkViewController.m in Sources */,
				CEF1D73C19775A9F00D4B18E /* AFNetworkReachabilityManager.m in Sources */,
				CEF1D7061976D43A00D4B18E /* FMDatabaseQueue.m in Sources */,
			);
			runOnlyForDeploymentPostprocessing = 0;
		};
		CEF1D46F1976757800D4B18E /* Sources */ = {
			isa = PBXSourcesBuildPhase;
			buildActionMask = 2147483647;
			files = (
				CEF1D4811976757800D4B18E /* YunGridTests.m in Sources */,
			);
			runOnlyForDeploymentPostprocessing = 0;
		};
/* End PBXSourcesBuildPhase section */

/* Begin PBXTargetDependency section */
		CEF1D4791976757800D4B18E /* PBXTargetDependency */ = {
			isa = PBXTargetDependency;
			target = CEF1D4571976757800D4B18E /* YunGrid */;
			targetProxy = CEF1D4781976757800D4B18E /* PBXContainerItemProxy */;
		};
/* End PBXTargetDependency section */

/* Begin PBXVariantGroup section */
		CEF1D4641976757800D4B18E /* InfoPlist.strings */ = {
			isa = PBXVariantGroup;
			children = (
				CEF1D4651976757800D4B18E /* en */,
			);
			name = InfoPlist.strings;
			sourceTree = "<group>";
		};
		CEF1D47D1976757800D4B18E /* InfoPlist.strings */ = {
			isa = PBXVariantGroup;
			children = (
				CEF1D47E1976757800D4B18E /* en */,
			);
			name = InfoPlist.strings;
			sourceTree = "<group>";
		};
/* End PBXVariantGroup section */

/* Begin XCBuildConfiguration section */
		CEF1D4821976757800D4B18E /* Debug */ = {
			isa = XCBuildConfiguration;
			buildSettings = {
				ALWAYS_SEARCH_USER_PATHS = NO;
				CLANG_CXX_LANGUAGE_STANDARD = "gnu++0x";
				CLANG_CXX_LIBRARY = "libc++";
				CLANG_ENABLE_MODULES = YES;
				CLANG_ENABLE_OBJC_ARC = YES;
				CLANG_WARN_BOOL_CONVERSION = YES;
				CLANG_WARN_CONSTANT_CONVERSION = YES;
				CLANG_WARN_DIRECT_OBJC_ISA_USAGE = YES_ERROR;
				CLANG_WARN_EMPTY_BODY = YES;
				CLANG_WARN_ENUM_CONVERSION = YES;
				CLANG_WARN_INT_CONVERSION = YES;
				CLANG_WARN_OBJC_ROOT_CLASS = YES_ERROR;
				CLANG_WARN__DUPLICATE_METHOD_MATCH = YES;
				"CODE_SIGN_IDENTITY[sdk=iphoneos*]" = "iPhone Developer";
				COPY_PHASE_STRIP = NO;
				GCC_C_LANGUAGE_STANDARD = gnu99;
				GCC_DYNAMIC_NO_PIC = NO;
				GCC_OPTIMIZATION_LEVEL = 0;
				GCC_PREPROCESSOR_DEFINITIONS = (
					"DEBUG=1",
					"$(inherited)",
				);
				GCC_SYMBOLS_PRIVATE_EXTERN = NO;
				GCC_WARN_64_TO_32_BIT_CONVERSION = YES;
				GCC_WARN_ABOUT_RETURN_TYPE = YES_ERROR;
				GCC_WARN_UNDECLARED_SELECTOR = YES;
				GCC_WARN_UNINITIALIZED_AUTOS = YES_AGGRESSIVE;
				GCC_WARN_UNUSED_FUNCTION = YES;
				GCC_WARN_UNUSED_VARIABLE = YES;
				IPHONEOS_DEPLOYMENT_TARGET = 7.1;
				ONLY_ACTIVE_ARCH = YES;
				SDKROOT = iphoneos;
				TARGETED_DEVICE_FAMILY = 2;
			};
			name = Debug;
		};
		CEF1D4831976757800D4B18E /* Release */ = {
			isa = XCBuildConfiguration;
			buildSettings = {
				ALWAYS_SEARCH_USER_PATHS = NO;
				CLANG_CXX_LANGUAGE_STANDARD = "gnu++0x";
				CLANG_CXX_LIBRARY = "libc++";
				CLANG_ENABLE_MODULES = YES;
				CLANG_ENABLE_OBJC_ARC = YES;
				CLANG_WARN_BOOL_CONVERSION = YES;
				CLANG_WARN_CONSTANT_CONVERSION = YES;
				CLANG_WARN_DIRECT_OBJC_ISA_USAGE = YES_ERROR;
				CLANG_WARN_EMPTY_BODY = YES;
				CLANG_WARN_ENUM_CONVERSION = YES;
				CLANG_WARN_INT_CONVERSION = YES;
				CLANG_WARN_OBJC_ROOT_CLASS = YES_ERROR;
				CLANG_WARN__DUPLICATE_METHOD_MATCH = YES;
				"CODE_SIGN_IDENTITY[sdk=iphoneos*]" = "iPhone Developer";
				COPY_PHASE_STRIP = YES;
				ENABLE_NS_ASSERTIONS = NO;
				GCC_C_LANGUAGE_STANDARD = gnu99;
				GCC_WARN_64_TO_32_BIT_CONVERSION = YES;
				GCC_WARN_ABOUT_RETURN_TYPE = YES_ERROR;
				GCC_WARN_UNDECLARED_SELECTOR = YES;
				GCC_WARN_UNINITIALIZED_AUTOS = YES_AGGRESSIVE;
				GCC_WARN_UNUSED_FUNCTION = YES;
				GCC_WARN_UNUSED_VARIABLE = YES;
				IPHONEOS_DEPLOYMENT_TARGET = 7.1;
				SDKROOT = iphoneos;
				TARGETED_DEVICE_FAMILY = 2;
				VALIDATE_PRODUCT = YES;
			};
			name = Release;
		};
		CEF1D4851976757800D4B18E /* Debug */ = {
			isa = XCBuildConfiguration;
			buildSettings = {
				ASSETCATALOG_COMPILER_APPICON_NAME = AppIcon;
				ASSETCATALOG_COMPILER_LAUNCHIMAGE_NAME = LaunchImage;
				GCC_PRECOMPILE_PREFIX_HEADER = YES;
				GCC_PREFIX_HEADER = "YunGrid/YunGrid-Prefix.pch";
				INFOPLIST_FILE = "YunGrid/YunGrid-Info.plist";
				PRODUCT_NAME = "$(TARGET_NAME)";
				WRAPPER_EXTENSION = app;
			};
			name = Debug;
		};
		CEF1D4861976757800D4B18E /* Release */ = {
			isa = XCBuildConfiguration;
			buildSettings = {
				ASSETCATALOG_COMPILER_APPICON_NAME = AppIcon;
				ASSETCATALOG_COMPILER_LAUNCHIMAGE_NAME = LaunchImage;
				GCC_PRECOMPILE_PREFIX_HEADER = YES;
				GCC_PREFIX_HEADER = "YunGrid/YunGrid-Prefix.pch";
				INFOPLIST_FILE = "YunGrid/YunGrid-Info.plist";
				PRODUCT_NAME = "$(TARGET_NAME)";
				WRAPPER_EXTENSION = app;
			};
			name = Release;
		};
		CEF1D4881976757800D4B18E /* Debug */ = {
			isa = XCBuildConfiguration;
			buildSettings = {
				BUNDLE_LOADER = "$(BUILT_PRODUCTS_DIR)/YunGrid.app/YunGrid";
				FRAMEWORK_SEARCH_PATHS = (
					"$(SDKROOT)/Developer/Library/Frameworks",
					"$(inherited)",
					"$(DEVELOPER_FRAMEWORKS_DIR)",
				);
				GCC_PRECOMPILE_PREFIX_HEADER = YES;
				GCC_PREFIX_HEADER = "YunGrid/YunGrid-Prefix.pch";
				GCC_PREPROCESSOR_DEFINITIONS = (
					"DEBUG=1",
					"$(inherited)",
				);
				INFOPLIST_FILE = "YunGridTests/YunGridTests-Info.plist";
				PRODUCT_NAME = "$(TARGET_NAME)";
				TEST_HOST = "$(BUNDLE_LOADER)";
				WRAPPER_EXTENSION = xctest;
			};
			name = Debug;
		};
		CEF1D4891976757800D4B18E /* Release */ = {
			isa = XCBuildConfiguration;
			buildSettings = {
				BUNDLE_LOADER = "$(BUILT_PRODUCTS_DIR)/YunGrid.app/YunGrid";
				FRAMEWORK_SEARCH_PATHS = (
					"$(SDKROOT)/Developer/Library/Frameworks",
					"$(inherited)",
					"$(DEVELOPER_FRAMEWORKS_DIR)",
				);
				GCC_PRECOMPILE_PREFIX_HEADER = YES;
				GCC_PREFIX_HEADER = "YunGrid/YunGrid-Prefix.pch";
				INFOPLIST_FILE = "YunGridTests/YunGridTests-Info.plist";
				PRODUCT_NAME = "$(TARGET_NAME)";
				TEST_HOST = "$(BUNDLE_LOADER)";
				WRAPPER_EXTENSION = xctest;
			};
			name = Release;
		};
/* End XCBuildConfiguration section */

/* Begin XCConfigurationList section */
		CEF1D4531976757800D4B18E /* Build configuration list for PBXProject "YunGrid" */ = {
			isa = XCConfigurationList;
			buildConfigurations = (
				CEF1D4821976757800D4B18E /* Debug */,
				CEF1D4831976757800D4B18E /* Release */,
			);
			defaultConfigurationIsVisible = 0;
			defaultConfigurationName = Release;
		};
		CEF1D4841976757800D4B18E /* Build configuration list for PBXNativeTarget "YunGrid" */ = {
			isa = XCConfigurationList;
			buildConfigurations = (
				CEF1D4851976757800D4B18E /* Debug */,
				CEF1D4861976757800D4B18E /* Release */,
			);
			defaultConfigurationIsVisible = 0;
			defaultConfigurationName = Release;
		};
		CEF1D4871976757800D4B18E /* Build configuration list for PBXNativeTarget "YunGridTests" */ = {
			isa = XCConfigurationList;
			buildConfigurations = (
				CEF1D4881976757800D4B18E /* Debug */,
				CEF1D4891976757800D4B18E /* Release */,
			);
			defaultConfigurationIsVisible = 0;
			defaultConfigurationName = Release;
		};
/* End XCConfigurationList section */
	};
	rootObject = CEF1D4501976757800D4B18E /* Project object */;
}
